// !$*UTF8*$!
{
	archiveVersion = 1;
	classes = {
	};
	objectVersion = 46;
	objects = {

/* Begin PBXBuildFile section */
		17E382A11F6E4EDF007F693F /* Main.storyboard in Resources */ = {isa = PBXBuildFile; fileRef = 17E3829F1F6E4EDF007F693F /* Main.storyboard */; };
		17E382A81F6EC7E6007F693F /* GuidelineTOCDownloader.swift in Sources */ = {isa = PBXBuildFile; fileRef = 17E382A71F6EC7E5007F693F /* GuidelineTOCDownloader.swift */; };
		17EB8F6E1F632BF5006299DB /* AppDelegate.swift in Sources */ = {isa = PBXBuildFile; fileRef = 17EB8F6D1F632BF5006299DB /* AppDelegate.swift */; };
		17EB8F721F632BF5006299DB /* Assets.xcassets in Resources */ = {isa = PBXBuildFile; fileRef = 17EB8F711F632BF5006299DB /* Assets.xcassets */; };
		494E89251F6FE8EB009C6A05 /* DummyNewToc.json in Resources */ = {isa = PBXBuildFile; fileRef = 494E89231F6FE8EB009C6A05 /* DummyNewToc.json */; };
		494E89261F6FE8EB009C6A05 /* DummyToc.json in Resources */ = {isa = PBXBuildFile; fileRef = 494E89241F6FE8EB009C6A05 /* DummyToc.json */; };
		494E892A1F6FE90D009C6A05 /* ChapterEditViewController.swift in Sources */ = {isa = PBXBuildFile; fileRef = 494E89271F6FE90D009C6A05 /* ChapterEditViewController.swift */; };
		494E892B1F6FE90D009C6A05 /* GuidelineOutlineView.swift in Sources */ = {isa = PBXBuildFile; fileRef = 494E89281F6FE90D009C6A05 /* GuidelineOutlineView.swift */; };
		494E892C1F6FE90D009C6A05 /* ViewController.swift in Sources */ = {isa = PBXBuildFile; fileRef = 494E89291F6FE90D009C6A05 /* ViewController.swift */; };
		494E89301F6FE92C009C6A05 /* App.swift in Sources */ = {isa = PBXBuildFile; fileRef = 494E892D1F6FE92C009C6A05 /* App.swift */; };
		494E89311F6FE92C009C6A05 /* Chapter.swift in Sources */ = {isa = PBXBuildFile; fileRef = 494E892E1F6FE92C009C6A05 /* Chapter.swift */; };
		494E89321F6FE92C009C6A05 /* Guideline.swift in Sources */ = {isa = PBXBuildFile; fileRef = 494E892F1F6FE92C009C6A05 /* Guideline.swift */; };
		494E89341F6FE93B009C6A05 /* TocCreator.swift in Sources */ = {isa = PBXBuildFile; fileRef = 494E89331F6FE93B009C6A05 /* TocCreator.swift */; };
		494E89381F6FE96C009C6A05 /* HTTPRequest.swift in Sources */ = {isa = PBXBuildFile; fileRef = 494E89361F6FE96C009C6A05 /* HTTPRequest.swift */; };
		494E89391F6FE96C009C6A05 /* HTTPRequestManager.swift in Sources */ = {isa = PBXBuildFile; fileRef = 494E89371F6FE96C009C6A05 /* HTTPRequestManager.swift */; };
		494E893B1F6FEBDE009C6A05 /* GuidelineListDownloader.swift in Sources */ = {isa = PBXBuildFile; fileRef = 494E893A1F6FEBDE009C6A05 /* GuidelineListDownloader.swift */; };
		494E893D1F6FF3D9009C6A05 /* AppListDownloader.swift in Sources */ = {isa = PBXBuildFile; fileRef = 494E893C1F6FF3D9009C6A05 /* AppListDownloader.swift */; };
/* End PBXBuildFile section */

/* Begin PBXFileReference section */
		17E382A01F6E4EDF007F693F /* Base */ = {isa = PBXFileReference; lastKnownFileType = file.storyboard; name = Base; path = Base.lproj/Main.storyboard; sourceTree = "<group>"; };
		17E382A71F6EC7E5007F693F /* GuidelineTOCDownloader.swift */ = {isa = PBXFileReference; fileEncoding = 4; lastKnownFileType = sourcecode.swift; path = GuidelineTOCDownloader.swift; sourceTree = "<group>"; };
		17EB8F6A1F632BF5006299DB /* SwiftTOC.app */ = {isa = PBXFileReference; explicitFileType = wrapper.application; includeInIndex = 0; path = SwiftTOC.app; sourceTree = BUILT_PRODUCTS_DIR; };
		17EB8F6D1F632BF5006299DB /* AppDelegate.swift */ = {isa = PBXFileReference; lastKnownFileType = sourcecode.swift; path = AppDelegate.swift; sourceTree = "<group>"; };
		17EB8F711F632BF5006299DB /* Assets.xcassets */ = {isa = PBXFileReference; lastKnownFileType = folder.assetcatalog; path = Assets.xcassets; sourceTree = "<group>"; };
		17EB8F761F632BF5006299DB /* Info.plist */ = {isa = PBXFileReference; lastKnownFileType = text.plist.xml; path = Info.plist; sourceTree = "<group>"; };
		494E89231F6FE8EB009C6A05 /* DummyNewToc.json */ = {isa = PBXFileReference; fileEncoding = 4; lastKnownFileType = text.json; path = DummyNewToc.json; sourceTree = "<group>"; };
		494E89241F6FE8EB009C6A05 /* DummyToc.json */ = {isa = PBXFileReference; fileEncoding = 4; lastKnownFileType = text.json; path = DummyToc.json; sourceTree = "<group>"; };
		494E89271F6FE90D009C6A05 /* ChapterEditViewController.swift */ = {isa = PBXFileReference; fileEncoding = 4; lastKnownFileType = sourcecode.swift; path = ChapterEditViewController.swift; sourceTree = "<group>"; };
		494E89281F6FE90D009C6A05 /* GuidelineOutlineView.swift */ = {isa = PBXFileReference; fileEncoding = 4; lastKnownFileType = sourcecode.swift; path = GuidelineOutlineView.swift; sourceTree = "<group>"; };
		494E89291F6FE90D009C6A05 /* ViewController.swift */ = {isa = PBXFileReference; fileEncoding = 4; lastKnownFileType = sourcecode.swift; path = ViewController.swift; sourceTree = "<group>"; };
		494E892D1F6FE92C009C6A05 /* App.swift */ = {isa = PBXFileReference; fileEncoding = 4; lastKnownFileType = sourcecode.swift; path = App.swift; sourceTree = "<group>"; };
		494E892E1F6FE92C009C6A05 /* Chapter.swift */ = {isa = PBXFileReference; fileEncoding = 4; lastKnownFileType = sourcecode.swift; path = Chapter.swift; sourceTree = "<group>"; };
		494E892F1F6FE92C009C6A05 /* Guideline.swift */ = {isa = PBXFileReference; fileEncoding = 4; lastKnownFileType = sourcecode.swift; path = Guideline.swift; sourceTree = "<group>"; };
		494E89331F6FE93B009C6A05 /* TocCreator.swift */ = {isa = PBXFileReference; fileEncoding = 4; lastKnownFileType = sourcecode.swift; path = TocCreator.swift; sourceTree = "<group>"; };
		494E89361F6FE96C009C6A05 /* HTTPRequest.swift */ = {isa = PBXFileReference; fileEncoding = 4; lastKnownFileType = sourcecode.swift; path = HTTPRequest.swift; sourceTree = "<group>"; };
		494E89371F6FE96C009C6A05 /* HTTPRequestManager.swift */ = {isa = PBXFileReference; fileEncoding = 4; lastKnownFileType = sourcecode.swift; path = HTTPRequestManager.swift; sourceTree = "<group>"; };
		494E893A1F6FEBDE009C6A05 /* GuidelineListDownloader.swift */ = {isa = PBXFileReference; fileEncoding = 4; lastKnownFileType = sourcecode.swift; path = GuidelineListDownloader.swift; sourceTree = "<group>"; };
		494E893C1F6FF3D9009C6A05 /* AppListDownloader.swift */ = {isa = PBXFileReference; fileEncoding = 4; lastKnownFileType = sourcecode.swift; path = AppListDownloader.swift; sourceTree = "<group>"; };
/* End PBXFileReference section */

/* Begin PBXFrameworksBuildPhase section */
		17EB8F671F632BF5006299DB /* Frameworks */ = {
			isa = PBXFrameworksBuildPhase;
			buildActionMask = 2147483647;
			files = (
			);
			runOnlyForDeploymentPostprocessing = 0;
		};
/* End PBXFrameworksBuildPhase section */

/* Begin PBXGroup section */
		17E382A61F6EC7D4007F693F /* API */ = {
			isa = PBXGroup;
			children = (
				494E89351F6FE96C009C6A05 /* HTTPRequest */,
				494E893C1F6FF3D9009C6A05 /* AppListDownloader.swift */,
				494E893A1F6FEBDE009C6A05 /* GuidelineListDownloader.swift */,
				17E382A71F6EC7E5007F693F /* GuidelineTOCDownloader.swift */,
			);
			path = API;
			sourceTree = "<group>";
		};
		17EB8F611F632BF5006299DB = {
			isa = PBXGroup;
			children = (
				17EB8F6C1F632BF5006299DB /* SwiftTOC */,
				17EB8F6B1F632BF5006299DB /* Products */,
			);
			sourceTree = "<group>";
		};
		17EB8F6B1F632BF5006299DB /* Products */ = {
			isa = PBXGroup;
			children = (
				17EB8F6A1F632BF5006299DB /* SwiftTOC.app */,
			);
			name = Products;
			sourceTree = "<group>";
		};
		17EB8F6C1F632BF5006299DB /* SwiftTOC */ = {
			isa = PBXGroup;
			children = (
				494E89221F6FE8EB009C6A05 /* Data */,
				494E89211F6FE858009C6A05 /* View */,
				494E891F1F6FE830009C6A05 /* Modal */,
				494E89201F6FE846009C6A05 /* Controller */,
				17E382A61F6EC7D4007F693F /* API */,
				17EB8F6D1F632BF5006299DB /* AppDelegate.swift */,
				17E3829F1F6E4EDF007F693F /* Main.storyboard */,
				17EB8F711F632BF5006299DB /* Assets.xcassets */,
				17EB8F761F632BF5006299DB /* Info.plist */,
			);
			path = SwiftTOC;
			sourceTree = "<group>";
		};
		494E891F1F6FE830009C6A05 /* Modal */ = {
			isa = PBXGroup;
			children = (
				494E892D1F6FE92C009C6A05 /* App.swift */,
				494E892E1F6FE92C009C6A05 /* Chapter.swift */,
				494E892F1F6FE92C009C6A05 /* Guideline.swift */,
			);
			path = Modal;
			sourceTree = "<group>";
		};
		494E89201F6FE846009C6A05 /* Controller */ = {
			isa = PBXGroup;
			children = (
				494E89331F6FE93B009C6A05 /* TocCreator.swift */,
			);
			path = Controller;
			sourceTree = "<group>";
		};
		494E89211F6FE858009C6A05 /* View */ = {
			isa = PBXGroup;
			children = (
				494E89271F6FE90D009C6A05 /* ChapterEditViewController.swift */,
				494E89281F6FE90D009C6A05 /* GuidelineOutlineView.swift */,
				494E89291F6FE90D009C6A05 /* ViewController.swift */,
			);
			path = View;
			sourceTree = "<group>";
		};
		494E89221F6FE8EB009C6A05 /* Data */ = {
			isa = PBXGroup;
			children = (
				494E89231F6FE8EB009C6A05 /* DummyNewToc.json */,
				494E89241F6FE8EB009C6A05 /* DummyToc.json */,
			);
			path = Data;
			sourceTree = "<group>";
		};
		494E89351F6FE96C009C6A05 /* HTTPRequest */ = {
			isa = PBXGroup;
			children = (
				494E89361F6FE96C009C6A05 /* HTTPRequest.swift */,
				494E89371F6FE96C009C6A05 /* HTTPRequestManager.swift */,
			);
			path = HTTPRequest;
			sourceTree = "<group>";
		};
/* End PBXGroup section */

/* Begin PBXNativeTarget section */
		17EB8F691F632BF5006299DB /* SwiftTOC */ = {
			isa = PBXNativeTarget;
			buildConfigurationList = 17EB8F791F632BF5006299DB /* Build configuration list for PBXNativeTarget "SwiftTOC" */;
			buildPhases = (
				17EB8F661F632BF5006299DB /* Sources */,
				17EB8F671F632BF5006299DB /* Frameworks */,
				17EB8F681F632BF5006299DB /* Resources */,
			);
			buildRules = (
			);
			dependencies = (
			);
			name = SwiftTOC;
			productName = SwiftTOC;
			productReference = 17EB8F6A1F632BF5006299DB /* SwiftTOC.app */;
			productType = "com.apple.product-type.application";
		};
/* End PBXNativeTarget section */

/* Begin PBXProject section */
		17EB8F621F632BF5006299DB /* Project object */ = {
			isa = PBXProject;
			attributes = {
				LastSwiftUpdateCheck = 0820;
				LastUpgradeCheck = 0820;
				ORGANIZATIONNAME = "Vinod Sutar";
				TargetAttributes = {
					17EB8F691F632BF5006299DB = {
						CreatedOnToolsVersion = 8.2;
						DevelopmentTeam = 8CD4S7H2U8;
						ProvisioningStyle = Automatic;
					};
				};
			};
			buildConfigurationList = 17EB8F651F632BF5006299DB /* Build configuration list for PBXProject "SwiftTOC" */;
			compatibilityVersion = "Xcode 3.2";
			developmentRegion = English;
			hasScannedForEncodings = 0;
			knownRegions = (
				en,
				Base,
			);
			mainGroup = 17EB8F611F632BF5006299DB;
			productRefGroup = 17EB8F6B1F632BF5006299DB /* Products */;
			projectDirPath = "";
			projectRoot = "";
			targets = (
				17EB8F691F632BF5006299DB /* SwiftTOC */,
			);
		};
/* End PBXProject section */

/* Begin PBXResourcesBuildPhase section */
		17EB8F681F632BF5006299DB /* Resources */ = {
			isa = PBXResourcesBuildPhase;
			buildActionMask = 2147483647;
			files = (
				17E382A11F6E4EDF007F693F /* Main.storyboard in Resources */,
				17EB8F721F632BF5006299DB /* Assets.xcassets in Resources */,
				494E89251F6FE8EB009C6A05 /* DummyNewToc.json in Resources */,
				494E89261F6FE8EB009C6A05 /* DummyToc.json in Resources */,
			);
			runOnlyForDeploymentPostprocessing = 0;
		};
/* End PBXResourcesBuildPhase section */

/* Begin PBXSourcesBuildPhase section */
		17EB8F661F632BF5006299DB /* Sources */ = {
			isa = PBXSourcesBuildPhase;
			buildActionMask = 2147483647;
			files = (
				494E89321F6FE92C009C6A05 /* Guideline.swift in Sources */,
				494E893B1F6FEBDE009C6A05 /* GuidelineListDownloader.swift in Sources */,
				494E89341F6FE93B009C6A05 /* TocCreator.swift in Sources */,
				494E89301F6FE92C009C6A05 /* App.swift in Sources */,
				494E89311F6FE92C009C6A05 /* Chapter.swift in Sources */,
				17E382A81F6EC7E6007F693F /* GuidelineTOCDownloader.swift in Sources */,
				494E892B1F6FE90D009C6A05 /* GuidelineOutlineView.swift in Sources */,
				494E892C1F6FE90D009C6A05 /* ViewController.swift in Sources */,
				494E89381F6FE96C009C6A05 /* HTTPRequest.swift in Sources */,
				494E893D1F6FF3D9009C6A05 /* AppListDownloader.swift in Sources */,
				17EB8F6E1F632BF5006299DB /* AppDelegate.swift in Sources */,
				494E89391F6FE96C009C6A05 /* HTTPRequestManager.swift in Sources */,
				494E892A1F6FE90D009C6A05 /* ChapterEditViewController.swift in Sources */,
			);
			runOnlyForDeploymentPostprocessing = 0;
		};
/* End PBXSourcesBuildPhase section */

/* Begin PBXVariantGroup section */
		17E3829F1F6E4EDF007F693F /* Main.storyboard */ = {
			isa = PBXVariantGroup;
			children = (
				17E382A01F6E4EDF007F693F /* Base */,
			);
			name = Main.storyboard;
			sourceTree = "<group>";
		};
/* End PBXVariantGroup section */

/* Begin XCBuildConfiguration section */
		17EB8F771F632BF5006299DB /* Debug */ = {
			isa = XCBuildConfiguration;
			buildSettings = {
				ALWAYS_SEARCH_USER_PATHS = NO;
				CLANG_ANALYZER_NONNULL = YES;
				CLANG_CXX_LANGUAGE_STANDARD = "gnu++0x";
				CLANG_CXX_LIBRARY = "libc++";
				CLANG_ENABLE_MODULES = YES;
				CLANG_ENABLE_OBJC_ARC = YES;
				CLANG_WARN_BOOL_CONVERSION = YES;
				CLANG_WARN_CONSTANT_CONVERSION = YES;
				CLANG_WARN_DIRECT_OBJC_ISA_USAGE = YES_ERROR;
				CLANG_WARN_DOCUMENTATION_COMMENTS = YES;
				CLANG_WARN_EMPTY_BODY = YES;
				CLANG_WARN_ENUM_CONVERSION = YES;
				CLANG_WARN_INFINITE_RECURSION = YES;
				CLANG_WARN_INT_CONVERSION = YES;
				CLANG_WARN_OBJC_ROOT_CLASS = YES_ERROR;
				CLANG_WARN_SUSPICIOUS_MOVE = YES;
				CLANG_WARN_UNREACHABLE_CODE = YES;
				CLANG_WARN__DUPLICATE_METHOD_MATCH = YES;
				CODE_SIGN_IDENTITY = "-";
				COPY_PHASE_STRIP = NO;
				DEBUG_INFORMATION_FORMAT = dwarf;
				ENABLE_STRICT_OBJC_MSGSEND = YES;
				ENABLE_TESTABILITY = YES;
				GCC_C_LANGUAGE_STANDARD = gnu99;
				GCC_DYNAMIC_NO_PIC = NO;
				GCC_NO_COMMON_BLOCKS = YES;
				GCC_OPTIMIZATION_LEVEL = 0;
				GCC_PREPROCESSOR_DEFINITIONS = (
					"DEBUG=1",
					"$(inherited)",
				);
				GCC_WARN_64_TO_32_BIT_CONVERSION = YES;
				GCC_WARN_ABOUT_RETURN_TYPE = YES_ERROR;
				GCC_WARN_UNDECLARED_SELECTOR = YES;
				GCC_WARN_UNINITIALIZED_AUTOS = YES_AGGRESSIVE;
				GCC_WARN_UNUSED_FUNCTION = YES;
				GCC_WARN_UNUSED_VARIABLE = YES;
				MACOSX_DEPLOYMENT_TARGET = 10.12;
				MTL_ENABLE_DEBUG_INFO = YES;
				ONLY_ACTIVE_ARCH = YES;
				SDKROOT = macosx;
				SWIFT_ACTIVE_COMPILATION_CONDITIONS = DEBUG;
				SWIFT_OPTIMIZATION_LEVEL = "-Onone";
			};
			name = Debug;
		};
		17EB8F781F632BF5006299DB /* Release */ = {
			isa = XCBuildConfiguration;
			buildSettings = {
				ALWAYS_SEARCH_USER_PATHS = NO;
				CLANG_ANALYZER_NONNULL = YES;
				CLANG_CXX_LANGUAGE_STANDARD = "gnu++0x";
				CLANG_CXX_LIBRARY = "libc++";
				CLANG_ENABLE_MODULES = YES;
				CLANG_ENABLE_OBJC_ARC = YES;
				CLANG_WARN_BOOL_CONVERSION = YES;
				CLANG_WARN_CONSTANT_CONVERSION = YES;
				CLANG_WARN_DIRECT_OBJC_ISA_USAGE = YES_ERROR;
				CLANG_WARN_DOCUMENTATION_COMMENTS = YES;
				CLANG_WARN_EMPTY_BODY = YES;
				CLANG_WARN_ENUM_CONVERSION = YES;
				CLANG_WARN_INFINITE_RECURSION = YES;
				CLANG_WARN_INT_CONVERSION = YES;
				CLANG_WARN_OBJC_ROOT_CLASS = YES_ERROR;
				CLANG_WARN_SUSPICIOUS_MOVE = YES;
				CLANG_WARN_UNREACHABLE_CODE = YES;
				CLANG_WARN__DUPLICATE_METHOD_MATCH = YES;
				CODE_SIGN_IDENTITY = "-";
				COPY_PHASE_STRIP = NO;
				DEBUG_INFORMATION_FORMAT = "dwarf-with-dsym";
				ENABLE_NS_ASSERTIONS = NO;
				ENABLE_STRICT_OBJC_MSGSEND = YES;
				GCC_C_LANGUAGE_STANDARD = gnu99;
				GCC_NO_COMMON_BLOCKS = YES;
				GCC_WARN_64_TO_32_BIT_CONVERSION = YES;
				GCC_WARN_ABOUT_RETURN_TYPE = YES_ERROR;
				GCC_WARN_UNDECLARED_SELECTOR = YES;
				GCC_WARN_UNINITIALIZED_AUTOS = YES_AGGRESSIVE;
				GCC_WARN_UNUSED_FUNCTION = YES;
				GCC_WARN_UNUSED_VARIABLE = YES;
				MACOSX_DEPLOYMENT_TARGET = 10.12;
				MTL_ENABLE_DEBUG_INFO = NO;
				SDKROOT = macosx;
				SWIFT_OPTIMIZATION_LEVEL = "-Owholemodule";
			};
			name = Release;
		};
		17EB8F7A1F632BF5006299DB /* Debug */ = {
			isa = XCBuildConfiguration;
			buildSettings = {
				ASSETCATALOG_COMPILER_APPICON_NAME = AppIcon;
				COMBINE_HIDPI_IMAGES = YES;
				DEVELOPMENT_TEAM = 8CD4S7H2U8;
				INFOPLIST_FILE = SwiftTOC/Info.plist;
				LD_RUNPATH_SEARCH_PATHS = "$(inherited) @executable_path/../Frameworks";
				PRODUCT_BUNDLE_IDENTIFIER = com.vinod.SwiftTOC;
				PRODUCT_NAME = "$(TARGET_NAME)";
				SWIFT_VERSION = 3.0;
			};
			name = Debug;
		};
		17EB8F7B1F632BF5006299DB /* Release */ = {
			isa = XCBuildConfiguration;
			buildSettings = {
				ASSETCATALOG_COMPILER_APPICON_NAME = AppIcon;
				COMBINE_HIDPI_IMAGES = YES;
				DEVELOPMENT_TEAM = 8CD4S7H2U8;
				INFOPLIST_FILE = SwiftTOC/Info.plist;
				LD_RUNPATH_SEARCH_PATHS = "$(inherited) @executable_path/../Frameworks";
				PRODUCT_BUNDLE_IDENTIFIER = com.vinod.SwiftTOC;
				PRODUCT_NAME = "$(TARGET_NAME)";
				SWIFT_VERSION = 3.0;
			};
			name = Release;
		};
/* End XCBuildConfiguration section */

/* Begin XCConfigurationList section */
		17EB8F651F632BF5006299DB /* Build configuration list for PBXProject "SwiftTOC" */ = {
			isa = XCConfigurationList;
			buildConfigurations = (
				17EB8F771F632BF5006299DB /* Debug */,
				17EB8F781F632BF5006299DB /* Release */,
			);
			defaultConfigurationIsVisible = 0;
			defaultConfigurationName = Release;
		};
		17EB8F791F632BF5006299DB /* Build configuration list for PBXNativeTarget "SwiftTOC" */ = {
			isa = XCConfigurationList;
			buildConfigurations = (
				17EB8F7A1F632BF5006299DB /* Debug */,
				17EB8F7B1F632BF5006299DB /* Release */,
			);
			defaultConfigurationIsVisible = 0;
			defaultConfigurationName = Release;
		};
/* End XCConfigurationList section */
	};
	rootObject = 17EB8F621F632BF5006299DB /* Project object */;
}
